
Microsoft Visual Studio Solution File, Format Version 12.00
# Visual Studio 15
VisualStudioVersion = 15.0.26124.0
MinimumVisualStudioVersion = 15.0.26124.0
Project("{2150E333-8FDC-42A3-9474-1A3956D46DE8}") = "src", "src", "{3A6CD833-D4EF-4A94-ABA2-CB4B510DE1FC}"
EndProject
Project("{FAE04EC0-301F-11D3-BF4B-00C04F79EFBC}") = "Diov.Web", "src\Web\Diov.Web.csproj", "{BA82543B-2114-4AF4-A6DB-70BAE22F07B7}"
EndProject
Project("{FAE04EC0-301F-11D3-BF4B-00C04F79EFBC}") = "Diov.Data", "src\Data\Diov.Data.csproj", "{E56F257E-5F9F-45EF-8596-F0FF81638080}"
EndProject
Global
	GlobalSection(SolutionConfigurationPlatforms) = preSolution
		Debug|Any CPU = Debug|Any CPU
		Debug|x64 = Debug|x64
		Debug|x86 = Debug|x86
		Release|Any CPU = Release|Any CPU
		Release|x64 = Release|x64
		Release|x86 = Release|x86
	EndGlobalSection
	GlobalSection(SolutionProperties) = preSolution
		HideSolutionNode = FALSE
	EndGlobalSection
	GlobalSection(ProjectConfigurationPlatforms) = postSolution
		{BA82543B-2114-4AF4-A6DB-70BAE22F07B7}.Debug|Any CPU.ActiveCfg = Debug|Any CPU
		{BA82543B-2114-4AF4-A6DB-70BAE22F07B7}.Debug|Any CPU.Build.0 = Debug|Any CPU
		{BA82543B-2114-4AF4-A6DB-70BAE22F07B7}.Debug|x64.ActiveCfg = Debug|Any CPU
		{BA82543B-2114-4AF4-A6DB-70BAE22F07B7}.Debug|x64.Build.0 = Debug|Any CPU
		{BA82543B-2114-4AF4-A6DB-70BAE22F07B7}.Debug|x86.ActiveCfg = Debug|Any CPU
		{BA82543B-2114-4AF4-A6DB-70BAE22F07B7}.Debug|x86.Build.0 = Debug|Any CPU
		{BA82543B-2114-4AF4-A6DB-70BAE22F07B7}.Release|Any CPU.ActiveCfg = Release|Any CPU
		{BA82543B-2114-4AF4-A6DB-70BAE22F07B7}.Release|Any CPU.Build.0 = Release|Any CPU
		{BA82543B-2114-4AF4-A6DB-70BAE22F07B7}.Release|x64.ActiveCfg = Release|Any CPU
		{BA82543B-2114-4AF4-A6DB-70BAE22F07B7}.Release|x64.Build.0 = Release|Any CPU
		{BA82543B-2114-4AF4-A6DB-70BAE22F07B7}.Release|x86.ActiveCfg = Release|Any CPU
		{BA82543B-2114-4AF4-A6DB-70BAE22F07B7}.Release|x86.Build.0 = Release|Any CPU
		{E56F257E-5F9F-45EF-8596-F0FF81638080}.Debug|Any CPU.ActiveCfg = Debug|Any CPU
		{E56F257E-5F9F-45EF-8596-F0FF81638080}.Debug|Any CPU.Build.0 = Debug|Any CPU
		{E56F257E-5F9F-45EF-8596-F0FF81638080}.Debug|x64.ActiveCfg = Debug|Any CPU
		{E56F257E-5F9F-45EF-8596-F0FF81638080}.Debug|x64.Build.0 = Debug|Any CPU
		{E56F257E-5F9F-45EF-8596-F0FF81638080}.Debug|x86.ActiveCfg = Debug|Any CPU
		{E56F257E-5F9F-45EF-8596-F0FF81638080}.Debug|x86.Build.0 = Debug|Any CPU
		{E56F257E-5F9F-45EF-8596-F0FF81638080}.Release|Any CPU.ActiveCfg = Release|Any CPU
		{E56F257E-5F9F-45EF-8596-F0FF81638080}.Release|Any CPU.Build.0 = Release|Any CPU
		{E56F257E-5F9F-45EF-8596-F0FF81638080}.Release|x64.ActiveCfg = Release|Any CPU
		{E56F257E-5F9F-45EF-8596-F0FF81638080}.Release|x64.Build.0 = Release|Any CPU
		{E56F257E-5F9F-45EF-8596-F0FF81638080}.Release|x86.ActiveCfg = Release|Any CPU
		{E56F257E-5F9F-45EF-8596-F0FF81638080}.Release|x86.Build.0 = Release|Any CPU
	EndGlobalSection
	GlobalSection(NestedProjects) = preSolution
		{BA82543B-2114-4AF4-A6DB-70BAE22F07B7} = {3A6CD833-D4EF-4A94-ABA2-CB4B510DE1FC}
		{E56F257E-5F9F-45EF-8596-F0FF81638080} = {3A6CD833-D4EF-4A94-ABA2-CB4B510DE1FC}
	EndGlobalSection
EndGlobal
